// !$*UTF8*$!
{
	archiveVersion = 1;
	classes = {
	};
	objectVersion = 51;
	objects = {

/* Begin PBXBuildFile section */
		08C1593E538E9604EA467A41 /* Pods_MovieAppUITests.framework in Frameworks */ = {isa = PBXBuildFile; fileRef = 5E00097409CC1B5D62DE23B8 /* Pods_MovieAppUITests.framework */; };
		5D44418A2326AB3800BA524E /* MovieDetailsViewController.swift in Sources */ = {isa = PBXBuildFile; fileRef = 5D4441892326AB3800BA524E /* MovieDetailsViewController.swift */; };
		5D44418D2326AB4F00BA524E /* MovieDetailsVM.swift in Sources */ = {isa = PBXBuildFile; fileRef = 5D44418B2326AB4F00BA524E /* MovieDetailsVM.swift */; };
		5D44418E2326AB4F00BA524E /* MoviesListVM.swift in Sources */ = {isa = PBXBuildFile; fileRef = 5D44418C2326AB4F00BA524E /* MoviesListVM.swift */; };
		5D4441902326AB7000BA524E /* MovieDetails.swift in Sources */ = {isa = PBXBuildFile; fileRef = 5D44418F2326AB7000BA524E /* MovieDetails.swift */; };
		5D44482C2326B39200BA524E /* MovieListCell.swift in Sources */ = {isa = PBXBuildFile; fileRef = 5D4448282326B39200BA524E /* MovieListCell.swift */; };
		5D44482D2326B39200BA524E /* MovieListCell.xib in Resources */ = {isa = PBXBuildFile; fileRef = 5D4448292326B39200BA524E /* MovieListCell.xib */; };
		5D44482E2326B39200BA524E /* MovieDetailCell.swift in Sources */ = {isa = PBXBuildFile; fileRef = 5D44482A2326B39200BA524E /* MovieDetailCell.swift */; };
		5D44482F2326B39200BA524E /* MovieDetailCell.xib in Resources */ = {isa = PBXBuildFile; fileRef = 5D44482B2326B39200BA524E /* MovieDetailCell.xib */; };
		5D4448382326B9E500BA524E /* MoviesListVM.swift in Sources */ = {isa = PBXBuildFile; fileRef = 5D44418C2326AB4F00BA524E /* MoviesListVM.swift */; };
		5D4448392326B9E500BA524E /* MoviesListVM.swift in Sources */ = {isa = PBXBuildFile; fileRef = 5D44418C2326AB4F00BA524E /* MoviesListVM.swift */; };
		5D44483A2326B9FE00BA524E /* Movie.swift in Sources */ = {isa = PBXBuildFile; fileRef = 5D842D5B2324D11E0082FB08 /* Movie.swift */; };
		5D44483B2326B9FF00BA524E /* Movie.swift in Sources */ = {isa = PBXBuildFile; fileRef = 5D842D5B2324D11E0082FB08 /* Movie.swift */; };
		5D44483F2326BA8300BA524E /* MovieDetailsVM.swift in Sources */ = {isa = PBXBuildFile; fileRef = 5D44418B2326AB4F00BA524E /* MovieDetailsVM.swift */; };
		5D4448402326BA8700BA524E /* MovieDetailsVM.swift in Sources */ = {isa = PBXBuildFile; fileRef = 5D44418B2326AB4F00BA524E /* MovieDetailsVM.swift */; };
		5D4448412326BC0E00BA524E /* MovieApi.swift in Sources */ = {isa = PBXBuildFile; fileRef = 5D842D692324D2220082FB08 /* MovieApi.swift */; };
		5D4448422326BC0F00BA524E /* MovieApi.swift in Sources */ = {isa = PBXBuildFile; fileRef = 5D842D692324D2220082FB08 /* MovieApi.swift */; };
		5D4448432326BC1400BA524E /* MovieDetails.swift in Sources */ = {isa = PBXBuildFile; fileRef = 5D44418F2326AB7000BA524E /* MovieDetails.swift */; };
		5D4448442326BC1500BA524E /* MovieDetails.swift in Sources */ = {isa = PBXBuildFile; fileRef = 5D44418F2326AB7000BA524E /* MovieDetails.swift */; };
		5D4448452326BC6400BA524E /* Endpoints.swift in Sources */ = {isa = PBXBuildFile; fileRef = 5D842D662324D2220082FB08 /* Endpoints.swift */; };
		5D4448462326BC6500BA524E /* Endpoints.swift in Sources */ = {isa = PBXBuildFile; fileRef = 5D842D662324D2220082FB08 /* Endpoints.swift */; };
		5D4448472326BC6700BA524E /* Headers.swift in Sources */ = {isa = PBXBuildFile; fileRef = 5D842D6B2324D2220082FB08 /* Headers.swift */; };
		5D4448482326BC6800BA524E /* Headers.swift in Sources */ = {isa = PBXBuildFile; fileRef = 5D842D6B2324D2220082FB08 /* Headers.swift */; };
		5D4448492326BC6C00BA524E /* Request.swift in Sources */ = {isa = PBXBuildFile; fileRef = 5D842D6C2324D2220082FB08 /* Request.swift */; };
		5D44484A2326BC6D00BA524E /* Request.swift in Sources */ = {isa = PBXBuildFile; fileRef = 5D842D6C2324D2220082FB08 /* Request.swift */; };
		5D44484B2326BC7000BA524E /* MovieService.swift in Sources */ = {isa = PBXBuildFile; fileRef = 5D842D682324D2220082FB08 /* MovieService.swift */; };
		5D44484C2326BC7100BA524E /* MovieService.swift in Sources */ = {isa = PBXBuildFile; fileRef = 5D842D682324D2220082FB08 /* MovieService.swift */; };
		5D44484D2326BD0D00BA524E /* ErrorModel.swift in Sources */ = {isa = PBXBuildFile; fileRef = 5D842D5F2324D1C30082FB08 /* ErrorModel.swift */; };
		5D44484E2326BD0E00BA524E /* ErrorModel.swift in Sources */ = {isa = PBXBuildFile; fileRef = 5D842D5F2324D1C30082FB08 /* ErrorModel.swift */; };
		5D44484F2326BD1100BA524E /* GenresResponse.swift in Sources */ = {isa = PBXBuildFile; fileRef = 5D842D612324D1D80082FB08 /* GenresResponse.swift */; };
		5D4448502326BD1100BA524E /* GenresResponse.swift in Sources */ = {isa = PBXBuildFile; fileRef = 5D842D612324D1D80082FB08 /* GenresResponse.swift */; };
		5D4448512326BD1500BA524E /* Genre.swift in Sources */ = {isa = PBXBuildFile; fileRef = 5D842D632324D1E00082FB08 /* Genre.swift */; };
		5D4448522326BD1500BA524E /* Genre.swift in Sources */ = {isa = PBXBuildFile; fileRef = 5D842D632324D1E00082FB08 /* Genre.swift */; };
		5D4448532326BD1800BA524E /* MoviesListResponse.swift in Sources */ = {isa = PBXBuildFile; fileRef = 5D842D5D2324D1BB0082FB08 /* MoviesListResponse.swift */; };
		5D4448542326BD1900BA524E /* MoviesListResponse.swift in Sources */ = {isa = PBXBuildFile; fileRef = 5D842D5D2324D1BB0082FB08 /* MoviesListResponse.swift */; };
		5D842D262324C84F0082FB08 /* AppDelegate.swift in Sources */ = {isa = PBXBuildFile; fileRef = 5D842D252324C84F0082FB08 /* AppDelegate.swift */; };
		5D842D282324C84F0082FB08 /* MovieListViewController.swift in Sources */ = {isa = PBXBuildFile; fileRef = 5D842D272324C84F0082FB08 /* MovieListViewController.swift */; };
		5D842D2B2324C84F0082FB08 /* Main.storyboard in Resources */ = {isa = PBXBuildFile; fileRef = 5D842D292324C84F0082FB08 /* Main.storyboard */; };
		5D842D2D2324C8500082FB08 /* Assets.xcassets in Resources */ = {isa = PBXBuildFile; fileRef = 5D842D2C2324C8500082FB08 /* Assets.xcassets */; };
		5D842D3B2324C8500082FB08 /* MovieAppTests.swift in Sources */ = {isa = PBXBuildFile; fileRef = 5D842D3A2324C8500082FB08 /* MovieAppTests.swift */; };
		5D842D462324C8500082FB08 /* MovieAppUITests.swift in Sources */ = {isa = PBXBuildFile; fileRef = 5D842D452324C8500082FB08 /* MovieAppUITests.swift */; };
		5D842D5C2324D11E0082FB08 /* Movie.swift in Sources */ = {isa = PBXBuildFile; fileRef = 5D842D5B2324D11E0082FB08 /* Movie.swift */; };
		5D842D5E2324D1BB0082FB08 /* MoviesListResponse.swift in Sources */ = {isa = PBXBuildFile; fileRef = 5D842D5D2324D1BB0082FB08 /* MoviesListResponse.swift */; };
		5D842D602324D1C30082FB08 /* ErrorModel.swift in Sources */ = {isa = PBXBuildFile; fileRef = 5D842D5F2324D1C30082FB08 /* ErrorModel.swift */; };
		5D842D622324D1D80082FB08 /* GenresResponse.swift in Sources */ = {isa = PBXBuildFile; fileRef = 5D842D612324D1D80082FB08 /* GenresResponse.swift */; };
		5D842D642324D1E00082FB08 /* Genre.swift in Sources */ = {isa = PBXBuildFile; fileRef = 5D842D632324D1E00082FB08 /* Genre.swift */; };
		5D842D6D2324D2220082FB08 /* Endpoints.swift in Sources */ = {isa = PBXBuildFile; fileRef = 5D842D662324D2220082FB08 /* Endpoints.swift */; };
		5D842D6E2324D2220082FB08 /* MovieService.swift in Sources */ = {isa = PBXBuildFile; fileRef = 5D842D682324D2220082FB08 /* MovieService.swift */; };
		5D842D6F2324D2220082FB08 /* MovieApi.swift in Sources */ = {isa = PBXBuildFile; fileRef = 5D842D692324D2220082FB08 /* MovieApi.swift */; };
		5D842D712324D2220082FB08 /* Headers.swift in Sources */ = {isa = PBXBuildFile; fileRef = 5D842D6B2324D2220082FB08 /* Headers.swift */; };
		5D842D722324D2220082FB08 /* Request.swift in Sources */ = {isa = PBXBuildFile; fileRef = 5D842D6C2324D2220082FB08 /* Request.swift */; };
		5DB36432232809A1006E78DF /* LaunchScreen.storyboard in Resources */ = {isa = PBXBuildFile; fileRef = 5DB36431232809A1006E78DF /* LaunchScreen.storyboard */; };
		5DB3643E23281057006E78DF /* MovieDetailsUnitTests.swift in Sources */ = {isa = PBXBuildFile; fileRef = 5DB3643C2328104B006E78DF /* MovieDetailsUnitTests.swift */; };
		5DB364432328109B006E78DF /* MovieListUITests.swift in Sources */ = {isa = PBXBuildFile; fileRef = 5DB364412328108F006E78DF /* MovieListUITests.swift */; };
		5DD1EC822328189700BFA3E2 /* MovieListViewController.swift in Sources */ = {isa = PBXBuildFile; fileRef = 5D842D272324C84F0082FB08 /* MovieListViewController.swift */; };
		5DD1EC832328189700BFA3E2 /* MovieListViewController.swift in Sources */ = {isa = PBXBuildFile; fileRef = 5D842D272324C84F0082FB08 /* MovieListViewController.swift */; };
		5DD1EC84232818A700BFA3E2 /* MovieDetailsViewController.swift in Sources */ = {isa = PBXBuildFile; fileRef = 5D4441892326AB3800BA524E /* MovieDetailsViewController.swift */; };
		5DD1EC85232818A700BFA3E2 /* MovieDetailsViewController.swift in Sources */ = {isa = PBXBuildFile; fileRef = 5D4441892326AB3800BA524E /* MovieDetailsViewController.swift */; };
		5DD1EC87232818C100BFA3E2 /* MovieListUITests.swift in Sources */ = {isa = PBXBuildFile; fileRef = 5DB364412328108F006E78DF /* MovieListUITests.swift */; };
		5DD1EC882328194900BFA3E2 /* MovieDetailCell.swift in Sources */ = {isa = PBXBuildFile; fileRef = 5D44482A2326B39200BA524E /* MovieDetailCell.swift */; };
		5DD1EC892328194A00BFA3E2 /* MovieDetailCell.swift in Sources */ = {isa = PBXBuildFile; fileRef = 5D44482A2326B39200BA524E /* MovieDetailCell.swift */; };
		5DD1EC8A2328195800BFA3E2 /* MovieListCell.swift in Sources */ = {isa = PBXBuildFile; fileRef = 5D4448282326B39200BA524E /* MovieListCell.swift */; };
		5DD1EC8B2328195800BFA3E2 /* MovieListCell.swift in Sources */ = {isa = PBXBuildFile; fileRef = 5D4448282326B39200BA524E /* MovieListCell.swift */; };
		5DD1EC8C2328195D00BFA3E2 /* MovieListCell.xib in Resources */ = {isa = PBXBuildFile; fileRef = 5D4448292326B39200BA524E /* MovieListCell.xib */; };
		5DD1EC8D2328195E00BFA3E2 /* MovieListCell.xib in Resources */ = {isa = PBXBuildFile; fileRef = 5D4448292326B39200BA524E /* MovieListCell.xib */; };
		5DD1EC8E2328196300BFA3E2 /* MovieDetailCell.xib in Resources */ = {isa = PBXBuildFile; fileRef = 5D44482B2326B39200BA524E /* MovieDetailCell.xib */; };
		5DD1EC8F2328196300BFA3E2 /* MovieDetailCell.xib in Resources */ = {isa = PBXBuildFile; fileRef = 5D44482B2326B39200BA524E /* MovieDetailCell.xib */; };
		A05BAA5C85620E67777D1990 /* Pods_MovieAppTests.framework in Frameworks */ = {isa = PBXBuildFile; fileRef = FA5C3D3524F5E4D7DC8C54A0 /* Pods_MovieAppTests.framework */; };
		EC5C45E360EFEFC9934AC778 /* Pods_MovieApp.framework in Frameworks */ = {isa = PBXBuildFile; fileRef = 45CA2F15088A0E9B4D39A5B3 /* Pods_MovieApp.framework */; };
/* End PBXBuildFile section */

/* Begin PBXContainerItemProxy section */
		5D842D372324C8500082FB08 /* PBXContainerItemProxy */ = {
			isa = PBXContainerItemProxy;
			containerPortal = 5D842D1A2324C84F0082FB08 /* Project object */;
			proxyType = 1;
			remoteGlobalIDString = 5D842D212324C84F0082FB08;
			remoteInfo = MovieApp;
		};
		5D842D422324C8500082FB08 /* PBXContainerItemProxy */ = {
			isa = PBXContainerItemProxy;
			containerPortal = 5D842D1A2324C84F0082FB08 /* Project object */;
			proxyType = 1;
			remoteGlobalIDString = 5D842D212324C84F0082FB08;
			remoteInfo = MovieApp;
		};
/* End PBXContainerItemProxy section */

/* Begin PBXFileReference section */
		0DB4A7A9E7AAFA1C07AE1F03 /* Pods-MovieAppTests.release.xcconfig */ = {isa = PBXFileReference; includeInIndex = 1; lastKnownFileType = text.xcconfig; name = "Pods-MovieAppTests.release.xcconfig"; path = "Target Support Files/Pods-MovieAppTests/Pods-MovieAppTests.release.xcconfig"; sourceTree = "<group>"; };
		31FCC4DD6AB4013148868829 /* Pods-MovieApp.debug.xcconfig */ = {isa = PBXFileReference; includeInIndex = 1; lastKnownFileType = text.xcconfig; name = "Pods-MovieApp.debug.xcconfig"; path = "Target Support Files/Pods-MovieApp/Pods-MovieApp.debug.xcconfig"; sourceTree = "<group>"; };
		45CA2F15088A0E9B4D39A5B3 /* Pods_MovieApp.framework */ = {isa = PBXFileReference; explicitFileType = wrapper.framework; includeInIndex = 0; path = Pods_MovieApp.framework; sourceTree = BUILT_PRODUCTS_DIR; };
		4E00A83CDAC97A4695CDB72D /* Pods-MovieAppUITests.release.xcconfig */ = {isa = PBXFileReference; includeInIndex = 1; lastKnownFileType = text.xcconfig; name = "Pods-MovieAppUITests.release.xcconfig"; path = "Target Support Files/Pods-MovieAppUITests/Pods-MovieAppUITests.release.xcconfig"; sourceTree = "<group>"; };
		5D4441892326AB3800BA524E /* MovieDetailsViewController.swift */ = {isa = PBXFileReference; lastKnownFileType = sourcecode.swift; path = MovieDetailsViewController.swift; sourceTree = "<group>"; };
		5D44418B2326AB4F00BA524E /* MovieDetailsVM.swift */ = {isa = PBXFileReference; lastKnownFileType = sourcecode.swift; path = MovieDetailsVM.swift; sourceTree = "<group>"; };
		5D44418C2326AB4F00BA524E /* MoviesListVM.swift */ = {isa = PBXFileReference; lastKnownFileType = sourcecode.swift; path = MoviesListVM.swift; sourceTree = "<group>"; };
		5D44418F2326AB7000BA524E /* MovieDetails.swift */ = {isa = PBXFileReference; lastKnownFileType = sourcecode.swift; path = MovieDetails.swift; sourceTree = "<group>"; };
		5D4448282326B39200BA524E /* MovieListCell.swift */ = {isa = PBXFileReference; fileEncoding = 4; lastKnownFileType = sourcecode.swift; path = MovieListCell.swift; sourceTree = "<group>"; };
		5D4448292326B39200BA524E /* MovieListCell.xib */ = {isa = PBXFileReference; fileEncoding = 4; lastKnownFileType = file.xib; path = MovieListCell.xib; sourceTree = "<group>"; };
		5D44482A2326B39200BA524E /* MovieDetailCell.swift */ = {isa = PBXFileReference; fileEncoding = 4; lastKnownFileType = sourcecode.swift; path = MovieDetailCell.swift; sourceTree = "<group>"; };
		5D44482B2326B39200BA524E /* MovieDetailCell.xib */ = {isa = PBXFileReference; fileEncoding = 4; lastKnownFileType = file.xib; path = MovieDetailCell.xib; sourceTree = "<group>"; };
		5D842D222324C84F0082FB08 /* MovieApp.app */ = {isa = PBXFileReference; explicitFileType = wrapper.application; includeInIndex = 0; path = MovieApp.app; sourceTree = BUILT_PRODUCTS_DIR; };
		5D842D252324C84F0082FB08 /* AppDelegate.swift */ = {isa = PBXFileReference; lastKnownFileType = sourcecode.swift; path = AppDelegate.swift; sourceTree = "<group>"; };
		5D842D272324C84F0082FB08 /* MovieListViewController.swift */ = {isa = PBXFileReference; lastKnownFileType = sourcecode.swift; path = MovieListViewController.swift; sourceTree = "<group>"; };
		5D842D2A2324C84F0082FB08 /* Base */ = {isa = PBXFileReference; lastKnownFileType = file.storyboard; name = Base; path = Base.lproj/Main.storyboard; sourceTree = "<group>"; };
		5D842D2C2324C8500082FB08 /* Assets.xcassets */ = {isa = PBXFileReference; lastKnownFileType = folder.assetcatalog; path = Assets.xcassets; sourceTree = "<group>"; };
		5D842D312324C8500082FB08 /* Info.plist */ = {isa = PBXFileReference; lastKnownFileType = text.plist.xml; path = Info.plist; sourceTree = "<group>"; };
		5D842D362324C8500082FB08 /* MovieAppTests.xctest */ = {isa = PBXFileReference; explicitFileType = wrapper.cfbundle; includeInIndex = 0; path = MovieAppTests.xctest; sourceTree = BUILT_PRODUCTS_DIR; };
		5D842D3A2324C8500082FB08 /* MovieAppTests.swift */ = {isa = PBXFileReference; lastKnownFileType = sourcecode.swift; path = MovieAppTests.swift; sourceTree = "<group>"; };
		5D842D3C2324C8500082FB08 /* Info.plist */ = {isa = PBXFileReference; lastKnownFileType = text.plist.xml; path = Info.plist; sourceTree = "<group>"; };
		5D842D412324C8500082FB08 /* MovieAppUITests.xctest */ = {isa = PBXFileReference; explicitFileType = wrapper.cfbundle; includeInIndex = 0; path = MovieAppUITests.xctest; sourceTree = BUILT_PRODUCTS_DIR; };
		5D842D452324C8500082FB08 /* MovieAppUITests.swift */ = {isa = PBXFileReference; lastKnownFileType = sourcecode.swift; path = MovieAppUITests.swift; sourceTree = "<group>"; };
		5D842D472324C8500082FB08 /* Info.plist */ = {isa = PBXFileReference; lastKnownFileType = text.plist.xml; path = Info.plist; sourceTree = "<group>"; };
		5D842D5B2324D11E0082FB08 /* Movie.swift */ = {isa = PBXFileReference; fileEncoding = 4; lastKnownFileType = sourcecode.swift; path = Movie.swift; sourceTree = "<group>"; };
		5D842D5D2324D1BB0082FB08 /* MoviesListResponse.swift */ = {isa = PBXFileReference; fileEncoding = 4; lastKnownFileType = sourcecode.swift; path = MoviesListResponse.swift; sourceTree = "<group>"; };
		5D842D5F2324D1C30082FB08 /* ErrorModel.swift */ = {isa = PBXFileReference; fileEncoding = 4; lastKnownFileType = sourcecode.swift; path = ErrorModel.swift; sourceTree = "<group>"; };
		5D842D612324D1D80082FB08 /* GenresResponse.swift */ = {isa = PBXFileReference; fileEncoding = 4; lastKnownFileType = sourcecode.swift; path = GenresResponse.swift; sourceTree = "<group>"; };
		5D842D632324D1E00082FB08 /* Genre.swift */ = {isa = PBXFileReference; fileEncoding = 4; lastKnownFileType = sourcecode.swift; path = Genre.swift; sourceTree = "<group>"; };
		5D842D662324D2220082FB08 /* Endpoints.swift */ = {isa = PBXFileReference; fileEncoding = 4; lastKnownFileType = sourcecode.swift; path = Endpoints.swift; sourceTree = "<group>"; };
		5D842D682324D2220082FB08 /* MovieService.swift */ = {isa = PBXFileReference; fileEncoding = 4; lastKnownFileType = sourcecode.swift; path = MovieService.swift; sourceTree = "<group>"; };
		5D842D692324D2220082FB08 /* MovieApi.swift */ = {isa = PBXFileReference; fileEncoding = 4; lastKnownFileType = sourcecode.swift; path = MovieApi.swift; sourceTree = "<group>"; };
		5D842D6B2324D2220082FB08 /* Headers.swift */ = {isa = PBXFileReference; fileEncoding = 4; lastKnownFileType = sourcecode.swift; path = Headers.swift; sourceTree = "<group>"; };
		5D842D6C2324D2220082FB08 /* Request.swift */ = {isa = PBXFileReference; fileEncoding = 4; lastKnownFileType = sourcecode.swift; path = Request.swift; sourceTree = "<group>"; };
		5DB36431232809A1006E78DF /* LaunchScreen.storyboard */ = {isa = PBXFileReference; fileEncoding = 4; lastKnownFileType = file.storyboard; path = LaunchScreen.storyboard; sourceTree = "<group>"; };
		5DB3643C2328104B006E78DF /* MovieDetailsUnitTests.swift */ = {isa = PBXFileReference; lastKnownFileType = sourcecode.swift; path = MovieDetailsUnitTests.swift; sourceTree = "<group>"; };
		5DB364412328108F006E78DF /* MovieListUITests.swift */ = {isa = PBXFileReference; lastKnownFileType = sourcecode.swift; path = MovieListUITests.swift; sourceTree = "<group>"; };
		5E00097409CC1B5D62DE23B8 /* Pods_MovieAppUITests.framework */ = {isa = PBXFileReference; explicitFileType = wrapper.framework; includeInIndex = 0; path = Pods_MovieAppUITests.framework; sourceTree = BUILT_PRODUCTS_DIR; };
		7CD99ED14A0D9073FE37286D /* Pods-MovieAppTests.debug.xcconfig */ = {isa = PBXFileReference; includeInIndex = 1; lastKnownFileType = text.xcconfig; name = "Pods-MovieAppTests.debug.xcconfig"; path = "Target Support Files/Pods-MovieAppTests/Pods-MovieAppTests.debug.xcconfig"; sourceTree = "<group>"; };
		C3054B3CA53A1AD7E5FDF310 /* Pods-MovieApp.release.xcconfig */ = {isa = PBXFileReference; includeInIndex = 1; lastKnownFileType = text.xcconfig; name = "Pods-MovieApp.release.xcconfig"; path = "Target Support Files/Pods-MovieApp/Pods-MovieApp.release.xcconfig"; sourceTree = "<group>"; };
		DC69DBB9F802A1F56F36F587 /* Pods-MovieAppUITests.debug.xcconfig */ = {isa = PBXFileReference; includeInIndex = 1; lastKnownFileType = text.xcconfig; name = "Pods-MovieAppUITests.debug.xcconfig"; path = "Target Support Files/Pods-MovieAppUITests/Pods-MovieAppUITests.debug.xcconfig"; sourceTree = "<group>"; };
		FA5C3D3524F5E4D7DC8C54A0 /* Pods_MovieAppTests.framework */ = {isa = PBXFileReference; explicitFileType = wrapper.framework; includeInIndex = 0; path = Pods_MovieAppTests.framework; sourceTree = BUILT_PRODUCTS_DIR; };
/* End PBXFileReference section */

/* Begin PBXFrameworksBuildPhase section */
		5D842D1F2324C84F0082FB08 /* Frameworks */ = {
			isa = PBXFrameworksBuildPhase;
			buildActionMask = 2147483647;
			files = (
				EC5C45E360EFEFC9934AC778 /* Pods_MovieApp.framework in Frameworks */,
			);
			runOnlyForDeploymentPostprocessing = 0;
		};
		5D842D332324C8500082FB08 /* Frameworks */ = {
			isa = PBXFrameworksBuildPhase;
			buildActionMask = 2147483647;
			files = (
				A05BAA5C85620E67777D1990 /* Pods_MovieAppTests.framework in Frameworks */,
			);
			runOnlyForDeploymentPostprocessing = 0;
		};
		5D842D3E2324C8500082FB08 /* Frameworks */ = {
			isa = PBXFrameworksBuildPhase;
			buildActionMask = 2147483647;
			files = (
				08C1593E538E9604EA467A41 /* Pods_MovieAppUITests.framework in Frameworks */,
			);
			runOnlyForDeploymentPostprocessing = 0;
		};
/* End PBXFrameworksBuildPhase section */

/* Begin PBXGroup section */
		3E274D825B9B6BA7D82ABAF7 /* Frameworks */ = {
			isa = PBXGroup;
			children = (
				45CA2F15088A0E9B4D39A5B3 /* Pods_MovieApp.framework */,
				FA5C3D3524F5E4D7DC8C54A0 /* Pods_MovieAppTests.framework */,
				5E00097409CC1B5D62DE23B8 /* Pods_MovieAppUITests.framework */,
			);
			name = Frameworks;
			sourceTree = "<group>";
		};
		5D842D192324C84F0082FB08 = {
			isa = PBXGroup;
			children = (
				5D842D242324C84F0082FB08 /* MovieApp */,
				5D842D392324C8500082FB08 /* MovieAppTests */,
				5D842D442324C8500082FB08 /* MovieAppUITests */,
				5D842D232324C84F0082FB08 /* Products */,
				FCA107B1162CD0B95A4180FF /* Pods */,
				3E274D825B9B6BA7D82ABAF7 /* Frameworks */,
			);
			sourceTree = "<group>";
		};
		5D842D232324C84F0082FB08 /* Products */ = {
			isa = PBXGroup;
			children = (
				5D842D222324C84F0082FB08 /* MovieApp.app */,
				5D842D362324C8500082FB08 /* MovieAppTests.xctest */,
				5D842D412324C8500082FB08 /* MovieAppUITests.xctest */,
			);
			name = Products;
			sourceTree = "<group>";
		};
		5D842D242324C84F0082FB08 /* MovieApp */ = {
			isa = PBXGroup;
			children = (
				5D842D652324D2220082FB08 /* Api */,
				5D842D552324C8EB0082FB08 /* View */,
				5D842D542324C8E10082FB08 /* ViewModel */,
				5D842D532324C8D80082FB08 /* Model */,
				5D842D252324C84F0082FB08 /* AppDelegate.swift */,
				5DB36431232809A1006E78DF /* LaunchScreen.storyboard */,
				5D842D2C2324C8500082FB08 /* Assets.xcassets */,
				5D842D312324C8500082FB08 /* Info.plist */,
			);
			path = MovieApp;
			sourceTree = "<group>";
		};
		5D842D392324C8500082FB08 /* MovieAppTests */ = {
			isa = PBXGroup;
			children = (
				5D842D3A2324C8500082FB08 /* MovieAppTests.swift */,
				5D842D3C2324C8500082FB08 /* Info.plist */,
				5DB3643C2328104B006E78DF /* MovieDetailsUnitTests.swift */,
			);
			path = MovieAppTests;
			sourceTree = "<group>";
		};
		5D842D442324C8500082FB08 /* MovieAppUITests */ = {
			isa = PBXGroup;
			children = (
				5DB364412328108F006E78DF /* MovieListUITests.swift */,
				5D842D452324C8500082FB08 /* MovieAppUITests.swift */,
				5D842D472324C8500082FB08 /* Info.plist */,
			);
			path = MovieAppUITests;
			sourceTree = "<group>";
		};
		5D842D532324C8D80082FB08 /* Model */ = {
			isa = PBXGroup;
			children = (
				5D44418F2326AB7000BA524E /* MovieDetails.swift */,
				5D842D5F2324D1C30082FB08 /* ErrorModel.swift */,
				5D842D632324D1E00082FB08 /* Genre.swift */,
				5D842D612324D1D80082FB08 /* GenresResponse.swift */,
				5D842D5D2324D1BB0082FB08 /* MoviesListResponse.swift */,
				5D842D5B2324D11E0082FB08 /* Movie.swift */,
			);
			path = Model;
			sourceTree = "<group>";
		};
		5D842D542324C8E10082FB08 /* ViewModel */ = {
			isa = PBXGroup;
			children = (
				5D44418C2326AB4F00BA524E /* MoviesListVM.swift */,
				5D44418B2326AB4F00BA524E /* MovieDetailsVM.swift */,
			);
			path = ViewModel;
			sourceTree = "<group>";
		};
		5D842D552324C8EB0082FB08 /* View */ = {
			isa = PBXGroup;
			children = (
				5D842D562324CDD30082FB08 /* Cell */,
				5D842D292324C84F0082FB08 /* Main.storyboard */,
				5D4441892326AB3800BA524E /* MovieDetailsViewController.swift */,
				5D842D272324C84F0082FB08 /* MovieListViewController.swift */,
			);
			path = View;
			sourceTree = "<group>";
		};
		5D842D562324CDD30082FB08 /* Cell */ = {
			isa = PBXGroup;
			children = (
				5D44482A2326B39200BA524E /* MovieDetailCell.swift */,
				5D44482B2326B39200BA524E /* MovieDetailCell.xib */,
				5D4448282326B39200BA524E /* MovieListCell.swift */,
				5D4448292326B39200BA524E /* MovieListCell.xib */,
			);
			path = Cell;
			sourceTree = "<group>";
		};
		5D842D652324D2220082FB08 /* Api */ = {
			isa = PBXGroup;
			children = (
				5D842D662324D2220082FB08 /* Endpoints.swift */,
				5D842D672324D2220082FB08 /* Movie */,
				5D842D6B2324D2220082FB08 /* Headers.swift */,
				5D842D6C2324D2220082FB08 /* Request.swift */,
			);
			path = Api;
			sourceTree = "<group>";
		};
		5D842D672324D2220082FB08 /* Movie */ = {
			isa = PBXGroup;
			children = (
				5D842D682324D2220082FB08 /* MovieService.swift */,
				5D842D692324D2220082FB08 /* MovieApi.swift */,
			);
			path = Movie;
			sourceTree = "<group>";
		};
		FCA107B1162CD0B95A4180FF /* Pods */ = {
			isa = PBXGroup;
			children = (
				31FCC4DD6AB4013148868829 /* Pods-MovieApp.debug.xcconfig */,
				C3054B3CA53A1AD7E5FDF310 /* Pods-MovieApp.release.xcconfig */,
				7CD99ED14A0D9073FE37286D /* Pods-MovieAppTests.debug.xcconfig */,
				0DB4A7A9E7AAFA1C07AE1F03 /* Pods-MovieAppTests.release.xcconfig */,
				DC69DBB9F802A1F56F36F587 /* Pods-MovieAppUITests.debug.xcconfig */,
				4E00A83CDAC97A4695CDB72D /* Pods-MovieAppUITests.release.xcconfig */,
			);
			path = Pods;
			sourceTree = "<group>";
		};
/* End PBXGroup section */

/* Begin PBXNativeTarget section */
		5D842D212324C84F0082FB08 /* MovieApp */ = {
			isa = PBXNativeTarget;
			buildConfigurationList = 5D842D4A2324C8500082FB08 /* Build configuration list for PBXNativeTarget "MovieApp" */;
			buildPhases = (
				92305556A3A73A934C7AE2B5 /* [CP] Check Pods Manifest.lock */,
				5D842D1E2324C84F0082FB08 /* Sources */,
				5D842D1F2324C84F0082FB08 /* Frameworks */,
				5D842D202324C84F0082FB08 /* Resources */,
				B5A129A6CA4E43DCA6B1238D /* [CP] Embed Pods Frameworks */,
			);
			buildRules = (
			);
			dependencies = (
			);
			name = MovieApp;
			productName = MovieApp;
			productReference = 5D842D222324C84F0082FB08 /* MovieApp.app */;
			productType = "com.apple.product-type.application";
		};
		5D842D352324C8500082FB08 /* MovieAppTests */ = {
			isa = PBXNativeTarget;
			buildConfigurationList = 5D842D4D2324C8500082FB08 /* Build configuration list for PBXNativeTarget "MovieAppTests" */;
			buildPhases = (
				1E1F08349869D52A746876C7 /* [CP] Check Pods Manifest.lock */,
				5D842D322324C8500082FB08 /* Sources */,
				5D842D332324C8500082FB08 /* Frameworks */,
				5D842D342324C8500082FB08 /* Resources */,
			);
			buildRules = (
			);
			dependencies = (
				5D842D382324C8500082FB08 /* PBXTargetDependency */,
			);
			name = MovieAppTests;
			productName = MovieAppTests;
			productReference = 5D842D362324C8500082FB08 /* MovieAppTests.xctest */;
			productType = "com.apple.product-type.bundle.unit-test";
		};
		5D842D402324C8500082FB08 /* MovieAppUITests */ = {
			isa = PBXNativeTarget;
			buildConfigurationList = 5D842D502324C8500082FB08 /* Build configuration list for PBXNativeTarget "MovieAppUITests" */;
			buildPhases = (
				C879E43DF7EF9A5747E1EE7F /* [CP] Check Pods Manifest.lock */,
				5D842D3D2324C8500082FB08 /* Sources */,
				5D842D3E2324C8500082FB08 /* Frameworks */,
				5D842D3F2324C8500082FB08 /* Resources */,
			);
			buildRules = (
			);
			dependencies = (
				5D842D432324C8500082FB08 /* PBXTargetDependency */,
			);
			name = MovieAppUITests;
			productName = MovieAppUITests;
			productReference = 5D842D412324C8500082FB08 /* MovieAppUITests.xctest */;
			productType = "com.apple.product-type.bundle.ui-testing";
		};
/* End PBXNativeTarget section */

/* Begin PBXProject section */
		5D842D1A2324C84F0082FB08 /* Project object */ = {
			isa = PBXProject;
			attributes = {
				LastSwiftUpdateCheck = 1030;
				LastUpgradeCheck = 1030;
				ORGANIZATIONNAME = "Venugopal S A";
				TargetAttributes = {
					5D842D212324C84F0082FB08 = {
						CreatedOnToolsVersion = 10.3;
					};
					5D842D352324C8500082FB08 = {
						CreatedOnToolsVersion = 10.3;
						TestTargetID = 5D842D212324C84F0082FB08;
					};
					5D842D402324C8500082FB08 = {
						CreatedOnToolsVersion = 10.3;
						TestTargetID = 5D842D212324C84F0082FB08;
					};
				};
			};
			buildConfigurationList = 5D842D1D2324C84F0082FB08 /* Build configuration list for PBXProject "MovieApp" */;
			compatibilityVersion = "Xcode 9.3";
			developmentRegion = en;
			hasScannedForEncodings = 0;
			knownRegions = (
				en,
				Base,
			);
			mainGroup = 5D842D192324C84F0082FB08;
			productRefGroup = 5D842D232324C84F0082FB08 /* Products */;
			projectDirPath = "";
			projectRoot = "";
			targets = (
				5D842D212324C84F0082FB08 /* MovieApp */,
				5D842D352324C8500082FB08 /* MovieAppTests */,
				5D842D402324C8500082FB08 /* MovieAppUITests */,
			);
		};
/* End PBXProject section */

/* Begin PBXResourcesBuildPhase section */
		5D842D202324C84F0082FB08 /* Resources */ = {
			isa = PBXResourcesBuildPhase;
			buildActionMask = 2147483647;
			files = (
				5D842D2D2324C8500082FB08 /* Assets.xcassets in Resources */,
				5D44482F2326B39200BA524E /* MovieDetailCell.xib in Resources */,
				5D44482D2326B39200BA524E /* MovieListCell.xib in Resources */,
				5DB36432232809A1006E78DF /* LaunchScreen.storyboard in Resources */,
				5D842D2B2324C84F0082FB08 /* Main.storyboard in Resources */,
			);
			runOnlyForDeploymentPostprocessing = 0;
		};
		5D842D342324C8500082FB08 /* Resources */ = {
			isa = PBXResourcesBuildPhase;
			buildActionMask = 2147483647;
			files = (
				5DD1EC8C2328195D00BFA3E2 /* MovieListCell.xib in Resources */,
				5DD1EC8E2328196300BFA3E2 /* MovieDetailCell.xib in Resources */,
			);
			runOnlyForDeploymentPostprocessing = 0;
		};
		5D842D3F2324C8500082FB08 /* Resources */ = {
			isa = PBXResourcesBuildPhase;
			buildActionMask = 2147483647;
			files = (
				5DD1EC8D2328195E00BFA3E2 /* MovieListCell.xib in Resources */,
				5DD1EC8F2328196300BFA3E2 /* MovieDetailCell.xib in Resources */,
			);
			runOnlyForDeploymentPostprocessing = 0;
		};
/* End PBXResourcesBuildPhase section */

/* Begin PBXShellScriptBuildPhase section */
		1E1F08349869D52A746876C7 /* [CP] Check Pods Manifest.lock */ = {
			isa = PBXShellScriptBuildPhase;
			buildActionMask = 2147483647;
			files = (
			);
			inputFileListPaths = (
			);
			inputPaths = (
				"${PODS_PODFILE_DIR_PATH}/Podfile.lock",
				"${PODS_ROOT}/Manifest.lock",
			);
			name = "[CP] Check Pods Manifest.lock";
			outputFileListPaths = (
			);
			outputPaths = (
				"$(DERIVED_FILE_DIR)/Pods-MovieAppTests-checkManifestLockResult.txt",
			);
			runOnlyForDeploymentPostprocessing = 0;
			shellPath = /bin/sh;
			shellScript = "diff \"${PODS_PODFILE_DIR_PATH}/Podfile.lock\" \"${PODS_ROOT}/Manifest.lock\" > /dev/null\nif [ $? != 0 ] ; then\n    # print error to STDERR\n    echo \"error: The sandbox is not in sync with the Podfile.lock. Run 'pod install' or update your CocoaPods installation.\" >&2\n    exit 1\nfi\n# This output is used by Xcode 'outputs' to avoid re-running this script phase.\necho \"SUCCESS\" > \"${SCRIPT_OUTPUT_FILE_0}\"\n";
			showEnvVarsInLog = 0;
		};
		92305556A3A73A934C7AE2B5 /* [CP] Check Pods Manifest.lock */ = {
			isa = PBXShellScriptBuildPhase;
			buildActionMask = 2147483647;
			files = (
			);
			inputFileListPaths = (
			);
			inputPaths = (
				"${PODS_PODFILE_DIR_PATH}/Podfile.lock",
				"${PODS_ROOT}/Manifest.lock",
			);
			name = "[CP] Check Pods Manifest.lock";
			outputFileListPaths = (
			);
			outputPaths = (
				"$(DERIVED_FILE_DIR)/Pods-MovieApp-checkManifestLockResult.txt",
			);
			runOnlyForDeploymentPostprocessing = 0;
			shellPath = /bin/sh;
			shellScript = "diff \"${PODS_PODFILE_DIR_PATH}/Podfile.lock\" \"${PODS_ROOT}/Manifest.lock\" > /dev/null\nif [ $? != 0 ] ; then\n    # print error to STDERR\n    echo \"error: The sandbox is not in sync with the Podfile.lock. Run 'pod install' or update your CocoaPods installation.\" >&2\n    exit 1\nfi\n# This output is used by Xcode 'outputs' to avoid re-running this script phase.\necho \"SUCCESS\" > \"${SCRIPT_OUTPUT_FILE_0}\"\n";
			showEnvVarsInLog = 0;
		};
		B5A129A6CA4E43DCA6B1238D /* [CP] Embed Pods Frameworks */ = {
			isa = PBXShellScriptBuildPhase;
			buildActionMask = 2147483647;
			files = (
			);
			inputFileListPaths = (
				"${PODS_ROOT}/Target Support Files/Pods-MovieApp/Pods-MovieApp-frameworks-${CONFIGURATION}-input-files.xcfilelist",
			);
			name = "[CP] Embed Pods Frameworks";
			outputFileListPaths = (
				"${PODS_ROOT}/Target Support Files/Pods-MovieApp/Pods-MovieApp-frameworks-${CONFIGURATION}-output-files.xcfilelist",
			);
			runOnlyForDeploymentPostprocessing = 0;
			shellPath = /bin/sh;
			shellScript = "\"${PODS_ROOT}/Target Support Files/Pods-MovieApp/Pods-MovieApp-frameworks.sh\"\n";
			showEnvVarsInLog = 0;
		};
		C879E43DF7EF9A5747E1EE7F /* [CP] Check Pods Manifest.lock */ = {
			isa = PBXShellScriptBuildPhase;
			buildActionMask = 2147483647;
			files = (
			);
			inputFileListPaths = (
			);
			inputPaths = (
				"${PODS_PODFILE_DIR_PATH}/Podfile.lock",
				"${PODS_ROOT}/Manifest.lock",
			);
			name = "[CP] Check Pods Manifest.lock";
			outputFileListPaths = (
			);
			outputPaths = (
				"$(DERIVED_FILE_DIR)/Pods-MovieAppUITests-checkManifestLockResult.txt",
			);
			runOnlyForDeploymentPostprocessing = 0;
			shellPath = /bin/sh;
			shellScript = "diff \"${PODS_PODFILE_DIR_PATH}/Podfile.lock\" \"${PODS_ROOT}/Manifest.lock\" > /dev/null\nif [ $? != 0 ] ; then\n    # print error to STDERR\n    echo \"error: The sandbox is not in sync with the Podfile.lock. Run 'pod install' or update your CocoaPods installation.\" >&2\n    exit 1\nfi\n# This output is used by Xcode 'outputs' to avoid re-running this script phase.\necho \"SUCCESS\" > \"${SCRIPT_OUTPUT_FILE_0}\"\n";
			showEnvVarsInLog = 0;
		};
/* End PBXShellScriptBuildPhase section */

/* Begin PBXSourcesBuildPhase section */
		5D842D1E2324C84F0082FB08 /* Sources */ = {
			isa = PBXSourcesBuildPhase;
			buildActionMask = 2147483647;
			files = (
				5D842D602324D1C30082FB08 /* ErrorModel.swift in Sources */,
				5D44418A2326AB3800BA524E /* MovieDetailsViewController.swift in Sources */,
				5D842D622324D1D80082FB08 /* GenresResponse.swift in Sources */,
				5D842D282324C84F0082FB08 /* MovieListViewController.swift in Sources */,
				5D842D262324C84F0082FB08 /* AppDelegate.swift in Sources */,
				5D842D712324D2220082FB08 /* Headers.swift in Sources */,
				5D842D6E2324D2220082FB08 /* MovieService.swift in Sources */,
				5D44418D2326AB4F00BA524E /* MovieDetailsVM.swift in Sources */,
				5D842D6F2324D2220082FB08 /* MovieApi.swift in Sources */,
				5D842D5E2324D1BB0082FB08 /* MoviesListResponse.swift in Sources */,
				5D842D5C2324D11E0082FB08 /* Movie.swift in Sources */,
				5D44482E2326B39200BA524E /* MovieDetailCell.swift in Sources */,
				5D44482C2326B39200BA524E /* MovieListCell.swift in Sources */,
				5D44418E2326AB4F00BA524E /* MoviesListVM.swift in Sources */,
				5D842D722324D2220082FB08 /* Request.swift in Sources */,
				5D842D6D2324D2220082FB08 /* Endpoints.swift in Sources */,
				5D4441902326AB7000BA524E /* MovieDetails.swift in Sources */,
				5D842D642324D1E00082FB08 /* Genre.swift in Sources */,
			);
			runOnlyForDeploymentPostprocessing = 0;
		};
		5D842D322324C8500082FB08 /* Sources */ = {
			isa = PBXSourcesBuildPhase;
			buildActionMask = 2147483647;
			files = (
				5D4448382326B9E500BA524E /* MoviesListVM.swift in Sources */,
				5D4448432326BC1400BA524E /* MovieDetails.swift in Sources */,
				5D4448472326BC6700BA524E /* Headers.swift in Sources */,
				5DD1EC822328189700BFA3E2 /* MovieListViewController.swift in Sources */,
				5D4448532326BD1800BA524E /* MoviesListResponse.swift in Sources */,
				5D4448412326BC0E00BA524E /* MovieApi.swift in Sources */,
				5D842D3B2324C8500082FB08 /* MovieAppTests.swift in Sources */,
				5DB3643E23281057006E78DF /* MovieDetailsUnitTests.swift in Sources */,
				5D44483F2326BA8300BA524E /* MovieDetailsVM.swift in Sources */,
				5D44484D2326BD0D00BA524E /* ErrorModel.swift in Sources */,
				5DD1EC8A2328195800BFA3E2 /* MovieListCell.swift in Sources */,
				5D44483A2326B9FE00BA524E /* Movie.swift in Sources */,
				5D4448492326BC6C00BA524E /* Request.swift in Sources */,
				5D4448452326BC6400BA524E /* Endpoints.swift in Sources */,
				5D44484B2326BC7000BA524E /* MovieService.swift in Sources */,
				5DD1EC87232818C100BFA3E2 /* MovieListUITests.swift in Sources */,
				5D44484F2326BD1100BA524E /* GenresResponse.swift in Sources */,
				5DD1EC882328194900BFA3E2 /* MovieDetailCell.swift in Sources */,
				5D4448512326BD1500BA524E /* Genre.swift in Sources */,
				5DD1EC84232818A700BFA3E2 /* MovieDetailsViewController.swift in Sources */,
			);
			runOnlyForDeploymentPostprocessing = 0;
		};
		5D842D3D2324C8500082FB08 /* Sources */ = {
			isa = PBXSourcesBuildPhase;
			buildActionMask = 2147483647;
			files = (
				5D4448402326BA8700BA524E /* MovieDetailsVM.swift in Sources */,
				5D842D462324C8500082FB08 /* MovieAppUITests.swift in Sources */,
				5D4448422326BC0F00BA524E /* MovieApi.swift in Sources */,
				5DD1EC832328189700BFA3E2 /* MovieListViewController.swift in Sources */,
				5D4448542326BD1900BA524E /* MoviesListResponse.swift in Sources */,
				5D4448462326BC6500BA524E /* Endpoints.swift in Sources */,
				5DD1EC8B2328195800BFA3E2 /* MovieListCell.swift in Sources */,
				5D44484E2326BD0E00BA524E /* ErrorModel.swift in Sources */,
				5D44484C2326BC7100BA524E /* MovieService.swift in Sources */,
				5D4448502326BD1100BA524E /* GenresResponse.swift in Sources */,
				5D4448482326BC6800BA524E /* Headers.swift in Sources */,
				5DB364432328109B006E78DF /* MovieListUITests.swift in Sources */,
				5DD1EC892328194A00BFA3E2 /* MovieDetailCell.swift in Sources */,
				5D4448392326B9E500BA524E /* MoviesListVM.swift in Sources */,
				5D4448522326BD1500BA524E /* Genre.swift in Sources */,
				5D44483B2326B9FF00BA524E /* Movie.swift in Sources */,
				5D44484A2326BC6D00BA524E /* Request.swift in Sources */,
				5D4448442326BC1500BA524E /* MovieDetails.swift in Sources */,
				5DD1EC85232818A700BFA3E2 /* MovieDetailsViewController.swift in Sources */,
			);
			runOnlyForDeploymentPostprocessing = 0;
		};
/* End PBXSourcesBuildPhase section */

/* Begin PBXTargetDependency section */
		5D842D382324C8500082FB08 /* PBXTargetDependency */ = {
			isa = PBXTargetDependency;
			target = 5D842D212324C84F0082FB08 /* MovieApp */;
			targetProxy = 5D842D372324C8500082FB08 /* PBXContainerItemProxy */;
		};
		5D842D432324C8500082FB08 /* PBXTargetDependency */ = {
			isa = PBXTargetDependency;
			target = 5D842D212324C84F0082FB08 /* MovieApp */;
			targetProxy = 5D842D422324C8500082FB08 /* PBXContainerItemProxy */;
		};
/* End PBXTargetDependency section */

/* Begin PBXVariantGroup section */
		5D842D292324C84F0082FB08 /* Main.storyboard */ = {
			isa = PBXVariantGroup;
			children = (
				5D842D2A2324C84F0082FB08 /* Base */,
			);
			name = Main.storyboard;
			sourceTree = "<group>";
		};
/* End PBXVariantGroup section */

/* Begin XCBuildConfiguration section */
		5D842D482324C8500082FB08 /* Debug */ = {
			isa = XCBuildConfiguration;
			buildSettings = {
				ALWAYS_SEARCH_USER_PATHS = NO;
				CLANG_ANALYZER_NONNULL = YES;
				CLANG_ANALYZER_NUMBER_OBJECT_CONVERSION = YES_AGGRESSIVE;
				CLANG_CXX_LANGUAGE_STANDARD = "gnu++14";
				CLANG_CXX_LIBRARY = "libc++";
				CLANG_ENABLE_MODULES = YES;
				CLANG_ENABLE_OBJC_ARC = YES;
				CLANG_ENABLE_OBJC_WEAK = YES;
				CLANG_WARN_BLOCK_CAPTURE_AUTORELEASING = YES;
				CLANG_WARN_BOOL_CONVERSION = YES;
				CLANG_WARN_COMMA = YES;
				CLANG_WARN_CONSTANT_CONVERSION = YES;
				CLANG_WARN_DEPRECATED_OBJC_IMPLEMENTATIONS = YES;
				CLANG_WARN_DIRECT_OBJC_ISA_USAGE = YES_ERROR;
				CLANG_WARN_DOCUMENTATION_COMMENTS = YES;
				CLANG_WARN_EMPTY_BODY = YES;
				CLANG_WARN_ENUM_CONVERSION = YES;
				CLANG_WARN_INFINITE_RECURSION = YES;
				CLANG_WARN_INT_CONVERSION = YES;
				CLANG_WARN_NON_LITERAL_NULL_CONVERSION = YES;
				CLANG_WARN_OBJC_IMPLICIT_RETAIN_SELF = YES;
				CLANG_WARN_OBJC_LITERAL_CONVERSION = YES;
				CLANG_WARN_OBJC_ROOT_CLASS = YES_ERROR;
				CLANG_WARN_RANGE_LOOP_ANALYSIS = YES;
				CLANG_WARN_STRICT_PROTOTYPES = YES;
				CLANG_WARN_SUSPICIOUS_MOVE = YES;
				CLANG_WARN_UNGUARDED_AVAILABILITY = YES_AGGRESSIVE;
				CLANG_WARN_UNREACHABLE_CODE = YES;
				CLANG_WARN__DUPLICATE_METHOD_MATCH = YES;
				CODE_SIGN_IDENTITY = "iPhone Developer";
				COPY_PHASE_STRIP = NO;
				DEBUG_INFORMATION_FORMAT = dwarf;
				ENABLE_STRICT_OBJC_MSGSEND = YES;
				ENABLE_TESTABILITY = YES;
				GCC_C_LANGUAGE_STANDARD = gnu11;
				GCC_DYNAMIC_NO_PIC = NO;
				GCC_NO_COMMON_BLOCKS = YES;
				GCC_OPTIMIZATION_LEVEL = 0;
				GCC_PREPROCESSOR_DEFINITIONS = (
					"DEBUG=1",
					"$(inherited)",
				);
				GCC_WARN_64_TO_32_BIT_CONVERSION = YES;
				GCC_WARN_ABOUT_RETURN_TYPE = YES_ERROR;
				GCC_WARN_UNDECLARED_SELECTOR = YES;
				GCC_WARN_UNINITIALIZED_AUTOS = YES_AGGRESSIVE;
				GCC_WARN_UNUSED_FUNCTION = YES;
				GCC_WARN_UNUSED_VARIABLE = YES;
				IPHONEOS_DEPLOYMENT_TARGET = 12.4;
				MTL_ENABLE_DEBUG_INFO = INCLUDE_SOURCE;
				MTL_FAST_MATH = YES;
				ONLY_ACTIVE_ARCH = YES;
				SDKROOT = iphoneos;
				SWIFT_ACTIVE_COMPILATION_CONDITIONS = DEBUG;
				SWIFT_OPTIMIZATION_LEVEL = "-Onone";
			};
			name = Debug;
		};
		5D842D492324C8500082FB08 /* Release */ = {
			isa = XCBuildConfiguration;
			buildSettings = {
				ALWAYS_SEARCH_USER_PATHS = NO;
				CLANG_ANALYZER_NONNULL = YES;
				CLANG_ANALYZER_NUMBER_OBJECT_CONVERSION = YES_AGGRESSIVE;
				CLANG_CXX_LANGUAGE_STANDARD = "gnu++14";
				CLANG_CXX_LIBRARY = "libc++";
				CLANG_ENABLE_MODULES = YES;
				CLANG_ENABLE_OBJC_ARC = YES;
				CLANG_ENABLE_OBJC_WEAK = YES;
				CLANG_WARN_BLOCK_CAPTURE_AUTORELEASING = YES;
				CLANG_WARN_BOOL_CONVERSION = YES;
				CLANG_WARN_COMMA = YES;
				CLANG_WARN_CONSTANT_CONVERSION = YES;
				CLANG_WARN_DEPRECATED_OBJC_IMPLEMENTATIONS = YES;
				CLANG_WARN_DIRECT_OBJC_ISA_USAGE = YES_ERROR;
				CLANG_WARN_DOCUMENTATION_COMMENTS = YES;
				CLANG_WARN_EMPTY_BODY = YES;
				CLANG_WARN_ENUM_CONVERSION = YES;
				CLANG_WARN_INFINITE_RECURSION = YES;
				CLANG_WARN_INT_CONVERSION = YES;
				CLANG_WARN_NON_LITERAL_NULL_CONVERSION = YES;
				CLANG_WARN_OBJC_IMPLICIT_RETAIN_SELF = YES;
				CLANG_WARN_OBJC_LITERAL_CONVERSION = YES;
				CLANG_WARN_OBJC_ROOT_CLASS = YES_ERROR;
				CLANG_WARN_RANGE_LOOP_ANALYSIS = YES;
				CLANG_WARN_STRICT_PROTOTYPES = YES;
				CLANG_WARN_SUSPICIOUS_MOVE = YES;
				CLANG_WARN_UNGUARDED_AVAILABILITY = YES_AGGRESSIVE;
				CLANG_WARN_UNREACHABLE_CODE = YES;
				CLANG_WARN__DUPLICATE_METHOD_MATCH = YES;
				CODE_SIGN_IDENTITY = "iPhone Developer";
				COPY_PHASE_STRIP = NO;
				DEBUG_INFORMATION_FORMAT = "dwarf-with-dsym";
				ENABLE_NS_ASSERTIONS = NO;
				ENABLE_STRICT_OBJC_MSGSEND = YES;
				GCC_C_LANGUAGE_STANDARD = gnu11;
				GCC_NO_COMMON_BLOCKS = YES;
				GCC_WARN_64_TO_32_BIT_CONVERSION = YES;
				GCC_WARN_ABOUT_RETURN_TYPE = YES_ERROR;
				GCC_WARN_UNDECLARED_SELECTOR = YES;
				GCC_WARN_UNINITIALIZED_AUTOS = YES_AGGRESSIVE;
				GCC_WARN_UNUSED_FUNCTION = YES;
				GCC_WARN_UNUSED_VARIABLE = YES;
				IPHONEOS_DEPLOYMENT_TARGET = 12.4;
				MTL_ENABLE_DEBUG_INFO = NO;
				MTL_FAST_MATH = YES;
				SDKROOT = iphoneos;
				SWIFT_COMPILATION_MODE = wholemodule;
				SWIFT_OPTIMIZATION_LEVEL = "-O";
				VALIDATE_PRODUCT = YES;
			};
			name = Release;
		};
		5D842D4B2324C8500082FB08 /* Debug */ = {
			isa = XCBuildConfiguration;
			baseConfigurationReference = 31FCC4DD6AB4013148868829 /* Pods-MovieApp.debug.xcconfig */;
			buildSettings = {
				ASSETCATALOG_COMPILER_APPICON_NAME = AppIcon;
				CODE_SIGN_STYLE = Automatic;
				INFOPLIST_FILE = MovieApp/Info.plist;
				LD_RUNPATH_SEARCH_PATHS = (
					"$(inherited)",
					"@executable_path/Frameworks",
				);
				PRODUCT_BUNDLE_IDENTIFIER = Assign.MovieApp;
				PRODUCT_NAME = "$(TARGET_NAME)";
				SWIFT_VERSION = 5.0;
				TARGETED_DEVICE_FAMILY = "1,2";
			};
			name = Debug;
		};
		5D842D4C2324C8500082FB08 /* Release */ = {
			isa = XCBuildConfiguration;
			baseConfigurationReference = C3054B3CA53A1AD7E5FDF310 /* Pods-MovieApp.release.xcconfig */;
			buildSettings = {
				ASSETCATALOG_COMPILER_APPICON_NAME = AppIcon;
				CODE_SIGN_STYLE = Automatic;
				INFOPLIST_FILE = MovieApp/Info.plist;
				LD_RUNPATH_SEARCH_PATHS = (
					"$(inherited)",
					"@executable_path/Frameworks",
				);
				PRODUCT_BUNDLE_IDENTIFIER = Assign.MovieApp;
				PRODUCT_NAME = "$(TARGET_NAME)";
				SWIFT_VERSION = 5.0;
				TARGETED_DEVICE_FAMILY = "1,2";
			};
			name = Release;
		};
		5D842D4E2324C8500082FB08 /* Debug */ = {
			isa = XCBuildConfiguration;
			baseConfigurationReference = 7CD99ED14A0D9073FE37286D /* Pods-MovieAppTests.debug.xcconfig */;
			buildSettings = {
				ALWAYS_EMBED_SWIFT_STANDARD_LIBRARIES = YES;
				BUNDLE_LOADER = "$(TEST_HOST)";
				CODE_SIGN_STYLE = Automatic;
				INFOPLIST_FILE = MovieAppTests/Info.plist;
				LD_RUNPATH_SEARCH_PATHS = (
					"$(inherited)",
					"@executable_path/Frameworks",
					"@loader_path/Frameworks",
				);
				PRODUCT_BUNDLE_IDENTIFIER = Assign.MovieAppTests;
				PRODUCT_NAME = "$(TARGET_NAME)";
				SWIFT_VERSION = 5.0;
				TARGETED_DEVICE_FAMILY = "1,2";
				TEST_HOST = "$(BUILT_PRODUCTS_DIR)/MovieApp.app/MovieApp";
			};
			name = Debug;
		};
		5D842D4F2324C8500082FB08 /* Release */ = {
			isa = XCBuildConfiguration;
			baseConfigurationReference = 0DB4A7A9E7AAFA1C07AE1F03 /* Pods-MovieAppTests.release.xcconfig */;
			buildSettings = {
				ALWAYS_EMBED_SWIFT_STANDARD_LIBRARIES = YES;
				BUNDLE_LOADER = "$(TEST_HOST)";
				CODE_SIGN_STYLE = Automatic;
				INFOPLIST_FILE = MovieAppTests/Info.plist;
				LD_RUNPATH_SEARCH_PATHS = (
					"$(inherited)",
					"@executable_path/Frameworks",
					"@loader_path/Frameworks",
				);
				PRODUCT_BUNDLE_IDENTIFIER = Assign.MovieAppTests;
				PRODUCT_NAME = "$(TARGET_NAME)";
				SWIFT_VERSION = 5.0;
				TARGETED_DEVICE_FAMILY = "1,2";
				TEST_HOST = "$(BUILT_PRODUCTS_DIR)/MovieApp.app/MovieApp";
			};
			name = Release;
		};
		5D842D512324C8500082FB08 /* Debug */ = {
			isa = XCBuildConfiguration;
			baseConfigurationReference = DC69DBB9F802A1F56F36F587 /* Pods-MovieAppUITests.debug.xcconfig */;
			buildSettings = {
				ALWAYS_EMBED_SWIFT_STANDARD_LIBRARIES = YES;
				CODE_SIGN_STYLE = Automatic;
				INFOPLIST_FILE = MovieAppUITests/Info.plist;
				LD_RUNPATH_SEARCH_PATHS = (
					"$(inherited)",
					"@executable_path/Frameworks",
					"@loader_path/Frameworks",
				);
				PRODUCT_BUNDLE_IDENTIFIER = Assign.MovieAppUITests;
				PRODUCT_NAME = "$(TARGET_NAME)";
				SWIFT_VERSION = 5.0;
				TARGETED_DEVICE_FAMILY = "1,2";
				TEST_TARGET_NAME = MovieApp;
			};
			name = Debug;
		};
		5D842D522324C8500082FB08 /* Release */ = {
			isa = XCBuildConfiguration;
			baseConfigurationReference = 4E00A83CDAC97A4695CDB72D /* Pods-MovieAppUITests.release.xcconfig */;
			buildSettings = {
				ALWAYS_EMBED_SWIFT_STANDARD_LIBRARIES = YES;
				CODE_SIGN_STYLE = Automatic;
				INFOPLIST_FILE = MovieAppUITests/Info.plist;
				LD_RUNPATH_SEARCH_PATHS = (
					"$(inherited)",
					"@executable_path/Frameworks",
					"@loader_path/Frameworks",
				);
				PRODUCT_BUNDLE_IDENTIFIER = Assign.MovieAppUITests;
				PRODUCT_NAME = "$(TARGET_NAME)";
				SWIFT_VERSION = 5.0;
				TARGETED_DEVICE_FAMILY = "1,2";
				TEST_TARGET_NAME = MovieApp;
			};
			name = Release;
		};
/* End XCBuildConfiguration section */

/* Begin XCConfigurationList section */
		5D842D1D2324C84F0082FB08 /* Build configuration list for PBXProject "MovieApp" */ = {
			isa = XCConfigurationList;
			buildConfigurations = (
				5D842D482324C8500082FB08 /* Debug */,
				5D842D492324C8500082FB08 /* Release */,
			);
			defaultConfigurationIsVisible = 0;
			defaultConfigurationName = Release;
		};
		5D842D4A2324C8500082FB08 /* Build configuration list for PBXNativeTarget "MovieApp" */ = {
			isa = XCConfigurationList;
			buildConfigurations = (
				5D842D4B2324C8500082FB08 /* Debug */,
				5D842D4C2324C8500082FB08 /* Release */,
			);
			defaultConfigurationIsVisible = 0;
			defaultConfigurationName = Release;
		};
		5D842D4D2324C8500082FB08 /* Build configuration list for PBXNativeTarget "MovieAppTests" */ = {
			isa = XCConfigurationList;
			buildConfigurations = (
				5D842D4E2324C8500082FB08 /* Debug */,
				5D842D4F2324C8500082FB08 /* Release */,
			);
			defaultConfigurationIsVisible = 0;
			defaultConfigurationName = Release;
		};
		5D842D502324C8500082FB08 /* Build configuration list for PBXNativeTarget "MovieAppUITests" */ = {
			isa = XCConfigurationList;
			buildConfigurations = (
				5D842D512324C8500082FB08 /* Debug */,
				5D842D522324C8500082FB08 /* Release */,
			);
			defaultConfigurationIsVisible = 0;
			defaultConfigurationName = Release;
		};
/* End XCConfigurationList section */
	};
	rootObject = 5D842D1A2324C84F0082FB08 /* Project object */;
}
